
Microsoft Visual Studio Solution File, Format Version 12.00
# Visual Studio Version 16
VisualStudioVersion = 16.0.31729.503
MinimumVisualStudioVersion = 10.0.40219.1
Project("{8BC9CEB8-8B4A-11D0-8D11-00A0C91BC942}") = "FirstConsoleApplication", "FirstConsoleApplication.vcxproj", "{63AC924C-9AED-4B1E-BFD1-DBFD6F7D0CA5}"
EndProject
Global
	GlobalSection(SolutionConfigurationPlatforms) = preSolution
		Debug|x64 = Debug|x64
		Debug|x86 = Debug|x86
		Release|x64 = Release|x64
		Release|x86 = Release|x86
	EndGlobalSection
	GlobalSection(ProjectConfigurationPlatforms) = postSolution
		{63AC924C-9AED-4B1E-BFD1-DBFD6F7D0CA5}.Debug|x64.ActiveCfg = Debug|x64
		{63AC924C-9AED-4B1E-BFD1-DBFD6F7D0CA5}.Debug|x64.Build.0 = Debug|x64
		{63AC924C-9AED-4B1E-BFD1-DBFD6F7D0CA5}.Debug|x86.ActiveCfg = Debug|Win32
		{63AC924C-9AED-4B1E-BFD1-DBFD6F7D0CA5}.Debug|x86.Build.0 = Debug|Win32
		{63AC924C-9AED-4B1E-BFD1-DBFD6F7D0CA5}.Release|x64.ActiveCfg = Release|x64
		{63AC924C-9AED-4B1E-BFD1-DBFD6F7D0CA5}.Release|x64.Build.0 = Release|x64
		{63AC924C-9AED-4B1E-BFD1-DBFD6F7D0CA5}.Release|x86.ActiveCfg = Release|Win32
		{63AC924C-9AED-4B1E-BFD1-DBFD6F7D0CA5}.Release|x86.Build.0 = Release|Win32
	EndGlobalSection
	GlobalSection(SolutionProperties) = preSolution
		HideSolutionNode = FALSE
	EndGlobalSection
	GlobalSection(ExtensibilityGlobals) = postSolution
		SolutionGuid = {3806187B-FE01-491E-A383-47EB4A363F15}
	EndGlobalSection
EndGlobal
